{
  "name": "@tctony/build-tools",
  "version": "1.0.6",
  "lockfileVersion": 3,
  "requires": true,
  "packages": {
    "": {
      "name": "@tctony/build-tools",
      "version": "1.0.6",
      "license": "MIT",
      "dependencies": {
        "ini": "^3.0.1"
      },
      "bin": {
        "xw": "run.js",
        "xwgn": "xwgn.js",
        "xwnj": "xwnj.js"
      },
      "engines": {
        "node": ">=18"
      }
    },
    "node_modules/ini": {
      "version": "3.0.1",
      "resolved": "https://registry.npmjs.org/ini/-/ini-3.0.1.tgz",
      "integrity": "sha512-it4HyVAUTKBc6m8e1iXWvXSTdndF7HbdN713+kvLrymxTaU4AUBWrJ4vEooP+V7fexnVD3LKcBshjGGPefSMUQ==",
      "license": "ISC",
      "engines": {
        "node": "^12.13.0 || ^14.15.0 || >=16.0.0"
      }
    }
  }
}
